
Microsoft Visual Studio Solution File, Format Version 12.00
# Visual Studio Version 17
VisualStudioVersion = 17.8.34330.188
MinimumVisualStudioVersion = 10.0.40219.1
Project("{FAE04EC0-301F-11D3-BF4B-00C04F79EFBC}") = "Stack_Panel_1", "Stack_Panel_1.csproj", "{48D59EDF-4E16-4B23-885F-BA3192E3CFD7}"
EndProject
Global
	GlobalSection(SolutionConfigurationPlatforms) = preSolution
		Debug|Any CPU = Debug|Any CPU
		Release|Any CPU = Release|Any CPU
	EndGlobalSection
	GlobalSection(ProjectConfigurationPlatforms) = postSolution
		{48D59EDF-4E16-4B23-885F-BA3192E3CFD7}.Debug|Any CPU.ActiveCfg = Debug|Any CPU
		{48D59EDF-4E16-4B23-885F-BA3192E3CFD7}.Debug|Any CPU.Build.0 = Debug|Any CPU
		{48D59EDF-4E16-4B23-885F-BA3192E3CFD7}.Release|Any CPU.ActiveCfg = Release|Any CPU
		{48D59EDF-4E16-4B23-885F-BA3192E3CFD7}.Release|Any CPU.Build.0 = Release|Any CPU
	EndGlobalSection
	GlobalSection(SolutionProperties) = preSolution
		HideSolutionNode = FALSE
	EndGlobalSection
	GlobalSection(ExtensibilityGlobals) = postSolution
		SolutionGuid = {B98174BC-15C2-4A56-A597-675A46941824}
	EndGlobalSection
EndGlobal
