
Microsoft Visual Studio Solution File, Format Version 12.00
# Visual Studio Version 17
VisualStudioVersion = 17.8.34330.188
MinimumVisualStudioVersion = 10.0.40219.1
Project("{9A19103F-16F7-4668-BE54-9A1E7A4F7556}") = "WrapPanel_6", "WrapPanel_6\WrapPanel_6.csproj", "{B5F83E9A-636E-4957-A69B-D4D55523D98D}"
EndProject
Project("{9A19103F-16F7-4668-BE54-9A1E7A4F7556}") = "DockPanel_7", "DockPanel_7\DockPanel_7.csproj", "{1CD5CE44-691B-4119-97EC-85508C9F4FF1}"
EndProject
Project("{9A19103F-16F7-4668-BE54-9A1E7A4F7556}") = "Canvas_8", "Canvas_8\Canvas_8.csproj", "{BF1C93B5-DF00-47E9-B754-906D7911A10C}"
EndProject
Project("{9A19103F-16F7-4668-BE54-9A1E7A4F7556}") = "Border_9", "Border_9\Border_9.csproj", "{DB7F1380-EF4F-429D-A844-F7D046271339}"
EndProject
Project("{9A19103F-16F7-4668-BE54-9A1E7A4F7556}") = "ScrollViewer_10", "ScrollViewer_10\ScrollViewer_10.csproj", "{68040D72-8F23-4CF9-803F-178A5FA1A42D}"
EndProject
Project("{9A19103F-16F7-4668-BE54-9A1E7A4F7556}") = "Checkbox_11", "Checkbox_11\Checkbox_11.csproj", "{E847891F-A532-4B95-AC89-E48EDE922B6E}"
EndProject
Project("{9A19103F-16F7-4668-BE54-9A1E7A4F7556}") = "RadioButton_12", "RadioButton_12\RadioButton_12.csproj", "{CB20D41A-42AA-402B-AD38-302D6DE5E161}"
EndProject
Project("{9A19103F-16F7-4668-BE54-9A1E7A4F7556}") = "ToogleButton_13", "ToogleButton_13\ToogleButton_13.csproj", "{BAB52787-D204-4967-A051-059B50783263}"
EndProject
Project("{9A19103F-16F7-4668-BE54-9A1E7A4F7556}") = "SliderBar_14", "SliderBar_14\SliderBar_14.csproj", "{E9501B32-C3E9-490C-AD3B-175480F49299}"
EndProject
Project("{9A19103F-16F7-4668-BE54-9A1E7A4F7556}") = "Image_15", "Image_15\Image_15.csproj", "{BFA3CD30-ECC9-4B0A-A80E-3B47359F8BEB}"
EndProject
Project("{9A19103F-16F7-4668-BE54-9A1E7A4F7556}") = "Style_16", "Style_16\Style_16.csproj", "{9E4A5FAD-E02C-477E-947D-61289AEFCFF4}"
EndProject
Project("{9A19103F-16F7-4668-BE54-9A1E7A4F7556}") = "DataTemplate_17", "DataTemplate_17\DataTemplate_17.csproj", "{EFE35CEB-6EB2-45AC-8CD4-BFE79DDF3ABC}"
EndProject
Project("{9A19103F-16F7-4668-BE54-9A1E7A4F7556}") = "Combobox_18", "Combobox_18\Combobox_18.csproj", "{4D548B54-5866-4B34-B669-6412799DFEF4}"
EndProject
Project("{9A19103F-16F7-4668-BE54-9A1E7A4F7556}") = "ListBox_19", "ListBox_19\ListBox_19.csproj", "{C1E8EBF3-6CFE-43FE-8BCC-35B427D99EEB}"
EndProject
Project("{9A19103F-16F7-4668-BE54-9A1E7A4F7556}") = "ListView_20", "ListView_20\ListView_20.csproj", "{5E893726-17C4-49D4-9A34-D668537B1414}"
EndProject
Project("{9A19103F-16F7-4668-BE54-9A1E7A4F7556}") = "TreeView_21", "TreeView_21\TreeView_21.csproj", "{2750F22D-6F67-4927-9CD6-9772EFB219CD}"
EndProject
Project("{9A19103F-16F7-4668-BE54-9A1E7A4F7556}") = "TreeView_Binding_21", "TreeView_Binding_21\TreeView_Binding_21.csproj", "{6563E3A1-FD0E-4B4C-AC39-B1F5268EDD58}"
EndProject
Project("{9A19103F-16F7-4668-BE54-9A1E7A4F7556}") = "TreeView_LazyLoaded_21", "TreeView_LazyLoaded_21\TreeView_LazyLoaded_21.csproj", "{1D66C547-B228-4C05-9250-4A5301F716C3}"
EndProject
Project("{9A19103F-16F7-4668-BE54-9A1E7A4F7556}") = "Trigger_24", "Trigger_24\Trigger_24.csproj", "{4551A69D-580F-48C8-BD79-30EEE670A3AF}"
EndProject
Project("{9A19103F-16F7-4668-BE54-9A1E7A4F7556}") = "Multi_Trigger_25", "Multi_Trigger_25\Multi_Trigger_25.csproj", "{1B51E6CD-C853-45DE-822E-BC8893D0AFF1}"
EndProject
Project("{9A19103F-16F7-4668-BE54-9A1E7A4F7556}") = "Command_26", "Command\Command_26.csproj", "{C8C14822-10E4-4EC9-B04B-ED3C8B72E72A}"
EndProject
Project("{9A19103F-16F7-4668-BE54-9A1E7A4F7556}") = "Biding_1", "Binding_1\Biding_1.csproj", "{2038CE73-8E3E-446C-8D6E-C6DC85EF1CEE}"
EndProject
Project("{9A19103F-16F7-4668-BE54-9A1E7A4F7556}") = "Button_2", "button_1\Button_2.csproj", "{576E4398-32CF-4246-A5FB-525088D370C4}"
EndProject
Project("{9A19103F-16F7-4668-BE54-9A1E7A4F7556}") = "Grid_3", "Grid_1\Grid_3.csproj", "{63E9133B-E8D5-42EB-BA94-AFDFC25B3EE0}"
EndProject
Project("{9A19103F-16F7-4668-BE54-9A1E7A4F7556}") = "Margin_4", "Margin_1\Margin_4.csproj", "{B716396C-9DB2-4426-BC6E-BB193B5ADC06}"
EndProject
Project("{9A19103F-16F7-4668-BE54-9A1E7A4F7556}") = "TextBox_1", "TextBox_1\TextBox_1.csproj", "{95CAB673-B9BB-494D-B143-6C5C5EBC412D}"
EndProject
Project("{9A19103F-16F7-4668-BE54-9A1E7A4F7556}") = "StackPanel_5", "Stack_Panel_1\StackPanel_5.csproj", "{121235FD-B5C1-4755-9B33-4F399B93949F}"
EndProject
Global
	GlobalSection(SolutionConfigurationPlatforms) = preSolution
		Debug|Any CPU = Debug|Any CPU
		Release|Any CPU = Release|Any CPU
	EndGlobalSection
	GlobalSection(ProjectConfigurationPlatforms) = postSolution
		{B5F83E9A-636E-4957-A69B-D4D55523D98D}.Debug|Any CPU.ActiveCfg = Debug|Any CPU
		{B5F83E9A-636E-4957-A69B-D4D55523D98D}.Debug|Any CPU.Build.0 = Debug|Any CPU
		{B5F83E9A-636E-4957-A69B-D4D55523D98D}.Release|Any CPU.ActiveCfg = Release|Any CPU
		{B5F83E9A-636E-4957-A69B-D4D55523D98D}.Release|Any CPU.Build.0 = Release|Any CPU
		{1CD5CE44-691B-4119-97EC-85508C9F4FF1}.Debug|Any CPU.ActiveCfg = Debug|Any CPU
		{1CD5CE44-691B-4119-97EC-85508C9F4FF1}.Debug|Any CPU.Build.0 = Debug|Any CPU
		{1CD5CE44-691B-4119-97EC-85508C9F4FF1}.Release|Any CPU.ActiveCfg = Release|Any CPU
		{1CD5CE44-691B-4119-97EC-85508C9F4FF1}.Release|Any CPU.Build.0 = Release|Any CPU
		{BF1C93B5-DF00-47E9-B754-906D7911A10C}.Debug|Any CPU.ActiveCfg = Debug|Any CPU
		{BF1C93B5-DF00-47E9-B754-906D7911A10C}.Debug|Any CPU.Build.0 = Debug|Any CPU
		{BF1C93B5-DF00-47E9-B754-906D7911A10C}.Release|Any CPU.ActiveCfg = Release|Any CPU
		{BF1C93B5-DF00-47E9-B754-906D7911A10C}.Release|Any CPU.Build.0 = Release|Any CPU
		{DB7F1380-EF4F-429D-A844-F7D046271339}.Debug|Any CPU.ActiveCfg = Debug|Any CPU
		{DB7F1380-EF4F-429D-A844-F7D046271339}.Debug|Any CPU.Build.0 = Debug|Any CPU
		{DB7F1380-EF4F-429D-A844-F7D046271339}.Release|Any CPU.ActiveCfg = Release|Any CPU
		{DB7F1380-EF4F-429D-A844-F7D046271339}.Release|Any CPU.Build.0 = Release|Any CPU
		{68040D72-8F23-4CF9-803F-178A5FA1A42D}.Debug|Any CPU.ActiveCfg = Debug|Any CPU
		{68040D72-8F23-4CF9-803F-178A5FA1A42D}.Debug|Any CPU.Build.0 = Debug|Any CPU
		{68040D72-8F23-4CF9-803F-178A5FA1A42D}.Release|Any CPU.ActiveCfg = Release|Any CPU
		{68040D72-8F23-4CF9-803F-178A5FA1A42D}.Release|Any CPU.Build.0 = Release|Any CPU
		{E847891F-A532-4B95-AC89-E48EDE922B6E}.Debug|Any CPU.ActiveCfg = Debug|Any CPU
		{E847891F-A532-4B95-AC89-E48EDE922B6E}.Debug|Any CPU.Build.0 = Debug|Any CPU
		{E847891F-A532-4B95-AC89-E48EDE922B6E}.Release|Any CPU.ActiveCfg = Release|Any CPU
		{E847891F-A532-4B95-AC89-E48EDE922B6E}.Release|Any CPU.Build.0 = Release|Any CPU
		{CB20D41A-42AA-402B-AD38-302D6DE5E161}.Debug|Any CPU.ActiveCfg = Debug|Any CPU
		{CB20D41A-42AA-402B-AD38-302D6DE5E161}.Debug|Any CPU.Build.0 = Debug|Any CPU
		{CB20D41A-42AA-402B-AD38-302D6DE5E161}.Release|Any CPU.ActiveCfg = Release|Any CPU
		{CB20D41A-42AA-402B-AD38-302D6DE5E161}.Release|Any CPU.Build.0 = Release|Any CPU
		{BAB52787-D204-4967-A051-059B50783263}.Debug|Any CPU.ActiveCfg = Debug|Any CPU
		{BAB52787-D204-4967-A051-059B50783263}.Debug|Any CPU.Build.0 = Debug|Any CPU
		{BAB52787-D204-4967-A051-059B50783263}.Release|Any CPU.ActiveCfg = Release|Any CPU
		{BAB52787-D204-4967-A051-059B50783263}.Release|Any CPU.Build.0 = Release|Any CPU
		{E9501B32-C3E9-490C-AD3B-175480F49299}.Debug|Any CPU.ActiveCfg = Debug|Any CPU
		{E9501B32-C3E9-490C-AD3B-175480F49299}.Debug|Any CPU.Build.0 = Debug|Any CPU
		{E9501B32-C3E9-490C-AD3B-175480F49299}.Release|Any CPU.ActiveCfg = Release|Any CPU
		{E9501B32-C3E9-490C-AD3B-175480F49299}.Release|Any CPU.Build.0 = Release|Any CPU
		{BFA3CD30-ECC9-4B0A-A80E-3B47359F8BEB}.Debug|Any CPU.ActiveCfg = Debug|Any CPU
		{BFA3CD30-ECC9-4B0A-A80E-3B47359F8BEB}.Debug|Any CPU.Build.0 = Debug|Any CPU
		{BFA3CD30-ECC9-4B0A-A80E-3B47359F8BEB}.Release|Any CPU.ActiveCfg = Release|Any CPU
		{BFA3CD30-ECC9-4B0A-A80E-3B47359F8BEB}.Release|Any CPU.Build.0 = Release|Any CPU
		{9E4A5FAD-E02C-477E-947D-61289AEFCFF4}.Debug|Any CPU.ActiveCfg = Debug|Any CPU
		{9E4A5FAD-E02C-477E-947D-61289AEFCFF4}.Debug|Any CPU.Build.0 = Debug|Any CPU
		{9E4A5FAD-E02C-477E-947D-61289AEFCFF4}.Release|Any CPU.ActiveCfg = Release|Any CPU
		{9E4A5FAD-E02C-477E-947D-61289AEFCFF4}.Release|Any CPU.Build.0 = Release|Any CPU
		{EFE35CEB-6EB2-45AC-8CD4-BFE79DDF3ABC}.Debug|Any CPU.ActiveCfg = Debug|Any CPU
		{EFE35CEB-6EB2-45AC-8CD4-BFE79DDF3ABC}.Debug|Any CPU.Build.0 = Debug|Any CPU
		{EFE35CEB-6EB2-45AC-8CD4-BFE79DDF3ABC}.Release|Any CPU.ActiveCfg = Release|Any CPU
		{EFE35CEB-6EB2-45AC-8CD4-BFE79DDF3ABC}.Release|Any CPU.Build.0 = Release|Any CPU
		{4D548B54-5866-4B34-B669-6412799DFEF4}.Debug|Any CPU.ActiveCfg = Debug|Any CPU
		{4D548B54-5866-4B34-B669-6412799DFEF4}.Debug|Any CPU.Build.0 = Debug|Any CPU
		{4D548B54-5866-4B34-B669-6412799DFEF4}.Release|Any CPU.ActiveCfg = Release|Any CPU
		{4D548B54-5866-4B34-B669-6412799DFEF4}.Release|Any CPU.Build.0 = Release|Any CPU
		{C1E8EBF3-6CFE-43FE-8BCC-35B427D99EEB}.Debug|Any CPU.ActiveCfg = Debug|Any CPU
		{C1E8EBF3-6CFE-43FE-8BCC-35B427D99EEB}.Debug|Any CPU.Build.0 = Debug|Any CPU
		{C1E8EBF3-6CFE-43FE-8BCC-35B427D99EEB}.Release|Any CPU.ActiveCfg = Release|Any CPU
		{C1E8EBF3-6CFE-43FE-8BCC-35B427D99EEB}.Release|Any CPU.Build.0 = Release|Any CPU
		{5E893726-17C4-49D4-9A34-D668537B1414}.Debug|Any CPU.ActiveCfg = Debug|Any CPU
		{5E893726-17C4-49D4-9A34-D668537B1414}.Debug|Any CPU.Build.0 = Debug|Any CPU
		{5E893726-17C4-49D4-9A34-D668537B1414}.Release|Any CPU.ActiveCfg = Release|Any CPU
		{5E893726-17C4-49D4-9A34-D668537B1414}.Release|Any CPU.Build.0 = Release|Any CPU
		{2750F22D-6F67-4927-9CD6-9772EFB219CD}.Debug|Any CPU.ActiveCfg = Debug|Any CPU
		{2750F22D-6F67-4927-9CD6-9772EFB219CD}.Debug|Any CPU.Build.0 = Debug|Any CPU
		{2750F22D-6F67-4927-9CD6-9772EFB219CD}.Release|Any CPU.ActiveCfg = Release|Any CPU
		{2750F22D-6F67-4927-9CD6-9772EFB219CD}.Release|Any CPU.Build.0 = Release|Any CPU
		{6563E3A1-FD0E-4B4C-AC39-B1F5268EDD58}.Debug|Any CPU.ActiveCfg = Debug|Any CPU
		{6563E3A1-FD0E-4B4C-AC39-B1F5268EDD58}.Debug|Any CPU.Build.0 = Debug|Any CPU
		{6563E3A1-FD0E-4B4C-AC39-B1F5268EDD58}.Release|Any CPU.ActiveCfg = Release|Any CPU
		{6563E3A1-FD0E-4B4C-AC39-B1F5268EDD58}.Release|Any CPU.Build.0 = Release|Any CPU
		{1D66C547-B228-4C05-9250-4A5301F716C3}.Debug|Any CPU.ActiveCfg = Debug|Any CPU
		{1D66C547-B228-4C05-9250-4A5301F716C3}.Debug|Any CPU.Build.0 = Debug|Any CPU
		{1D66C547-B228-4C05-9250-4A5301F716C3}.Release|Any CPU.ActiveCfg = Release|Any CPU
		{1D66C547-B228-4C05-9250-4A5301F716C3}.Release|Any CPU.Build.0 = Release|Any CPU
		{4551A69D-580F-48C8-BD79-30EEE670A3AF}.Debug|Any CPU.ActiveCfg = Debug|Any CPU
		{4551A69D-580F-48C8-BD79-30EEE670A3AF}.Debug|Any CPU.Build.0 = Debug|Any CPU
		{4551A69D-580F-48C8-BD79-30EEE670A3AF}.Release|Any CPU.ActiveCfg = Release|Any CPU
		{4551A69D-580F-48C8-BD79-30EEE670A3AF}.Release|Any CPU.Build.0 = Release|Any CPU
		{1B51E6CD-C853-45DE-822E-BC8893D0AFF1}.Debug|Any CPU.ActiveCfg = Debug|Any CPU
		{1B51E6CD-C853-45DE-822E-BC8893D0AFF1}.Debug|Any CPU.Build.0 = Debug|Any CPU
		{1B51E6CD-C853-45DE-822E-BC8893D0AFF1}.Release|Any CPU.ActiveCfg = Release|Any CPU
		{1B51E6CD-C853-45DE-822E-BC8893D0AFF1}.Release|Any CPU.Build.0 = Release|Any CPU
		{C8C14822-10E4-4EC9-B04B-ED3C8B72E72A}.Debug|Any CPU.ActiveCfg = Debug|Any CPU
		{C8C14822-10E4-4EC9-B04B-ED3C8B72E72A}.Debug|Any CPU.Build.0 = Debug|Any CPU
		{C8C14822-10E4-4EC9-B04B-ED3C8B72E72A}.Release|Any CPU.ActiveCfg = Release|Any CPU
		{C8C14822-10E4-4EC9-B04B-ED3C8B72E72A}.Release|Any CPU.Build.0 = Release|Any CPU
		{2038CE73-8E3E-446C-8D6E-C6DC85EF1CEE}.Debug|Any CPU.ActiveCfg = Debug|Any CPU
		{2038CE73-8E3E-446C-8D6E-C6DC85EF1CEE}.Debug|Any CPU.Build.0 = Debug|Any CPU
		{2038CE73-8E3E-446C-8D6E-C6DC85EF1CEE}.Release|Any CPU.ActiveCfg = Release|Any CPU
		{2038CE73-8E3E-446C-8D6E-C6DC85EF1CEE}.Release|Any CPU.Build.0 = Release|Any CPU
		{576E4398-32CF-4246-A5FB-525088D370C4}.Debug|Any CPU.ActiveCfg = Debug|Any CPU
		{576E4398-32CF-4246-A5FB-525088D370C4}.Debug|Any CPU.Build.0 = Debug|Any CPU
		{576E4398-32CF-4246-A5FB-525088D370C4}.Release|Any CPU.ActiveCfg = Release|Any CPU
		{576E4398-32CF-4246-A5FB-525088D370C4}.Release|Any CPU.Build.0 = Release|Any CPU
		{63E9133B-E8D5-42EB-BA94-AFDFC25B3EE0}.Debug|Any CPU.ActiveCfg = Debug|Any CPU
		{63E9133B-E8D5-42EB-BA94-AFDFC25B3EE0}.Debug|Any CPU.Build.0 = Debug|Any CPU
		{63E9133B-E8D5-42EB-BA94-AFDFC25B3EE0}.Release|Any CPU.ActiveCfg = Release|Any CPU
		{63E9133B-E8D5-42EB-BA94-AFDFC25B3EE0}.Release|Any CPU.Build.0 = Release|Any CPU
		{B716396C-9DB2-4426-BC6E-BB193B5ADC06}.Debug|Any CPU.ActiveCfg = Debug|Any CPU
		{B716396C-9DB2-4426-BC6E-BB193B5ADC06}.Debug|Any CPU.Build.0 = Debug|Any CPU
		{B716396C-9DB2-4426-BC6E-BB193B5ADC06}.Release|Any CPU.ActiveCfg = Release|Any CPU
		{B716396C-9DB2-4426-BC6E-BB193B5ADC06}.Release|Any CPU.Build.0 = Release|Any CPU
		{95CAB673-B9BB-494D-B143-6C5C5EBC412D}.Debug|Any CPU.ActiveCfg = Debug|Any CPU
		{95CAB673-B9BB-494D-B143-6C5C5EBC412D}.Debug|Any CPU.Build.0 = Debug|Any CPU
		{95CAB673-B9BB-494D-B143-6C5C5EBC412D}.Release|Any CPU.ActiveCfg = Release|Any CPU
		{95CAB673-B9BB-494D-B143-6C5C5EBC412D}.Release|Any CPU.Build.0 = Release|Any CPU
		{121235FD-B5C1-4755-9B33-4F399B93949F}.Debug|Any CPU.ActiveCfg = Debug|Any CPU
		{121235FD-B5C1-4755-9B33-4F399B93949F}.Debug|Any CPU.Build.0 = Debug|Any CPU
		{121235FD-B5C1-4755-9B33-4F399B93949F}.Release|Any CPU.ActiveCfg = Release|Any CPU
		{121235FD-B5C1-4755-9B33-4F399B93949F}.Release|Any CPU.Build.0 = Release|Any CPU
	EndGlobalSection
	GlobalSection(SolutionProperties) = preSolution
		HideSolutionNode = FALSE
	EndGlobalSection
	GlobalSection(ExtensibilityGlobals) = postSolution
		SolutionGuid = {F199B276-01C9-4049-809B-0DC388F3CE88}
	EndGlobalSection
EndGlobal
