
Microsoft Visual Studio Solution File, Format Version 12.00
# Visual Studio Version 17
VisualStudioVersion = 17.8.34330.188
MinimumVisualStudioVersion = 10.0.40219.1
Project("{FAE04EC0-301F-11D3-BF4B-00C04F79EFBC}") = "TextBlock", "TextBlock.csproj", "{4AF69783-2842-41BC-8715-21A921AA5E99}"
EndProject
Global
	GlobalSection(SolutionConfigurationPlatforms) = preSolution
		Debug|Any CPU = Debug|Any CPU
		Release|Any CPU = Release|Any CPU
	EndGlobalSection
	GlobalSection(ProjectConfigurationPlatforms) = postSolution
		{4AF69783-2842-41BC-8715-21A921AA5E99}.Debug|Any CPU.ActiveCfg = Debug|Any CPU
		{4AF69783-2842-41BC-8715-21A921AA5E99}.Debug|Any CPU.Build.0 = Debug|Any CPU
		{4AF69783-2842-41BC-8715-21A921AA5E99}.Release|Any CPU.ActiveCfg = Release|Any CPU
		{4AF69783-2842-41BC-8715-21A921AA5E99}.Release|Any CPU.Build.0 = Release|Any CPU
	EndGlobalSection
	GlobalSection(SolutionProperties) = preSolution
		HideSolutionNode = FALSE
	EndGlobalSection
	GlobalSection(ExtensibilityGlobals) = postSolution
		SolutionGuid = {0345716B-22CB-4033-8A09-F100AAE41612}
	EndGlobalSection
EndGlobal
