
Microsoft Visual Studio Solution File, Format Version 12.00
# Visual Studio Version 17
VisualStudioVersion = 17.8.34330.188
MinimumVisualStudioVersion = 10.0.40219.1
Project("{FAE04EC0-301F-11D3-BF4B-00C04F79EFBC}") = "Margin_1", "Margin_1.csproj", "{315BAD8A-B89E-47D0-ABEF-84385738C8CC}"
EndProject
Global
	GlobalSection(SolutionConfigurationPlatforms) = preSolution
		Debug|Any CPU = Debug|Any CPU
		Release|Any CPU = Release|Any CPU
	EndGlobalSection
	GlobalSection(ProjectConfigurationPlatforms) = postSolution
		{315BAD8A-B89E-47D0-ABEF-84385738C8CC}.Debug|Any CPU.ActiveCfg = Debug|Any CPU
		{315BAD8A-B89E-47D0-ABEF-84385738C8CC}.Debug|Any CPU.Build.0 = Debug|Any CPU
		{315BAD8A-B89E-47D0-ABEF-84385738C8CC}.Release|Any CPU.ActiveCfg = Release|Any CPU
		{315BAD8A-B89E-47D0-ABEF-84385738C8CC}.Release|Any CPU.Build.0 = Release|Any CPU
	EndGlobalSection
	GlobalSection(SolutionProperties) = preSolution
		HideSolutionNode = FALSE
	EndGlobalSection
	GlobalSection(ExtensibilityGlobals) = postSolution
		SolutionGuid = {CF213606-4254-46D6-8E7A-161F512F3999}
	EndGlobalSection
EndGlobal
